
Microsoft Visual Studio Solution File, Format Version 12.00
# Visual Studio 15
VisualStudioVersion = 15.0.28307.1585
MinimumVisualStudioVersion = 10.0.40219.1
Project("{FAE04EC0-301F-11D3-BF4B-00C04F79EFBC}") = "ToDoAPI.API", "ToDoAPI.API\ToDoAPI.API.csproj", "{3E18F496-DB34-4DAB-8BA1-D24CEB6DEAAE}"
EndProject
Project("{FAE04EC0-301F-11D3-BF4B-00C04F79EFBC}") = "ToDoAPI.DATA.EF", "ToDoAPI.DATA.EF\ToDoAPI.DATA.EF.csproj", "{C61B57F7-60AB-4067-B0A3-66303D5BE574}"
EndProject
Global
	GlobalSection(SolutionConfigurationPlatforms) = preSolution
		Debug|Any CPU = Debug|Any CPU
		Release|Any CPU = Release|Any CPU
	EndGlobalSection
	GlobalSection(ProjectConfigurationPlatforms) = postSolution
		{3E18F496-DB34-4DAB-8BA1-D24CEB6DEAAE}.Debug|Any CPU.ActiveCfg = Debug|Any CPU
		{3E18F496-DB34-4DAB-8BA1-D24CEB6DEAAE}.Debug|Any CPU.Build.0 = Debug|Any CPU
		{3E18F496-DB34-4DAB-8BA1-D24CEB6DEAAE}.Release|Any CPU.ActiveCfg = Release|Any CPU
		{3E18F496-DB34-4DAB-8BA1-D24CEB6DEAAE}.Release|Any CPU.Build.0 = Release|Any CPU
		{C61B57F7-60AB-4067-B0A3-66303D5BE574}.Debug|Any CPU.ActiveCfg = Debug|Any CPU
		{C61B57F7-60AB-4067-B0A3-66303D5BE574}.Debug|Any CPU.Build.0 = Debug|Any CPU
		{C61B57F7-60AB-4067-B0A3-66303D5BE574}.Release|Any CPU.ActiveCfg = Release|Any CPU
		{C61B57F7-60AB-4067-B0A3-66303D5BE574}.Release|Any CPU.Build.0 = Release|Any CPU
	EndGlobalSection
	GlobalSection(SolutionProperties) = preSolution
		HideSolutionNode = FALSE
	EndGlobalSection
	GlobalSection(ExtensibilityGlobals) = postSolution
		SolutionGuid = {FDE68A68-3281-4586-A362-34798F0D2351}
	EndGlobalSection
EndGlobal
